
Microsoft Visual Studio Solution File, Format Version 12.00
# Visual Studio 15
VisualStudioVersion = 15.9.28307.423
MinimumVisualStudioVersion = 10.0.40219.1
Project("{FAE04EC0-301F-11D3-BF4B-00C04F79EFBC}") = "SearchSupport_Test", "SearchSupport_Test\SearchSupport_Test.csproj", "{13A45C13-3265-47B8-BC48-A553B569DF55}"
EndProject
Project("{FAE04EC0-301F-11D3-BF4B-00C04F79EFBC}") = "Assembly-CSharp", "C:\Users\aki\Documents\Unity\SearchSupport_Test\APP\GeneratedProjects\UWP\Assembly-CSharp\Assembly-CSharp.csproj", "{34D26406-4D5A-4934-91F4-DF0CF43B710B}"
EndProject
Project("{FAE04EC0-301F-11D3-BF4B-00C04F79EFBC}") = "Assembly-CSharp-firstpass", "C:\Users\aki\Documents\Unity\SearchSupport_Test\APP\GeneratedProjects\UWP\Assembly-CSharp-firstpass\Assembly-CSharp-firstpass.csproj", "{0C4A6C47-F59C-4EFC-815F-620C6212112F}"
EndProject
Global
	GlobalSection(SolutionConfigurationPlatforms) = preSolution
		Debug|ARM = Debug|ARM
		Debug|x64 = Debug|x64
		Debug|x86 = Debug|x86
		Master|ARM = Master|ARM
		Master|x64 = Master|x64
		Master|x86 = Master|x86
		Release|ARM = Release|ARM
		Release|x64 = Release|x64
		Release|x86 = Release|x86
	EndGlobalSection
	GlobalSection(ProjectConfigurationPlatforms) = postSolution
		{13A45C13-3265-47B8-BC48-A553B569DF55}.Debug|ARM.ActiveCfg = Debug|ARM
		{13A45C13-3265-47B8-BC48-A553B569DF55}.Debug|ARM.Build.0 = Debug|ARM
		{13A45C13-3265-47B8-BC48-A553B569DF55}.Debug|ARM.Deploy.0 = Debug|ARM
		{13A45C13-3265-47B8-BC48-A553B569DF55}.Debug|x64.ActiveCfg = Debug|x64
		{13A45C13-3265-47B8-BC48-A553B569DF55}.Debug|x64.Build.0 = Debug|x64
		{13A45C13-3265-47B8-BC48-A553B569DF55}.Debug|x64.Deploy.0 = Debug|x64
		{13A45C13-3265-47B8-BC48-A553B569DF55}.Debug|x86.ActiveCfg = Debug|x86
		{13A45C13-3265-47B8-BC48-A553B569DF55}.Debug|x86.Build.0 = Debug|x86
		{13A45C13-3265-47B8-BC48-A553B569DF55}.Debug|x86.Deploy.0 = Debug|x86
		{13A45C13-3265-47B8-BC48-A553B569DF55}.Master|ARM.ActiveCfg = Master|ARM
		{13A45C13-3265-47B8-BC48-A553B569DF55}.Master|ARM.Build.0 = Master|ARM
		{13A45C13-3265-47B8-BC48-A553B569DF55}.Master|ARM.Deploy.0 = Master|ARM
		{13A45C13-3265-47B8-BC48-A553B569DF55}.Master|x64.ActiveCfg = Master|x64
		{13A45C13-3265-47B8-BC48-A553B569DF55}.Master|x64.Build.0 = Master|x64
		{13A45C13-3265-47B8-BC48-A553B569DF55}.Master|x64.Deploy.0 = Master|x64
		{13A45C13-3265-47B8-BC48-A553B569DF55}.Master|x86.ActiveCfg = Master|x86
		{13A45C13-3265-47B8-BC48-A553B569DF55}.Master|x86.Build.0 = Master|x86
		{13A45C13-3265-47B8-BC48-A553B569DF55}.Master|x86.Deploy.0 = Master|x86
		{13A45C13-3265-47B8-BC48-A553B569DF55}.Release|ARM.ActiveCfg = Release|ARM
		{13A45C13-3265-47B8-BC48-A553B569DF55}.Release|ARM.Build.0 = Release|ARM
		{13A45C13-3265-47B8-BC48-A553B569DF55}.Release|ARM.Deploy.0 = Release|ARM
		{13A45C13-3265-47B8-BC48-A553B569DF55}.Release|x64.ActiveCfg = Release|x64
		{13A45C13-3265-47B8-BC48-A553B569DF55}.Release|x64.Build.0 = Release|x64
		{13A45C13-3265-47B8-BC48-A553B569DF55}.Release|x64.Deploy.0 = Release|x64
		{13A45C13-3265-47B8-BC48-A553B569DF55}.Release|x86.ActiveCfg = Release|x86
		{13A45C13-3265-47B8-BC48-A553B569DF55}.Release|x86.Build.0 = Release|x86
		{13A45C13-3265-47B8-BC48-A553B569DF55}.Release|x86.Deploy.0 = Release|x86
		{34D26406-4D5A-4934-91F4-DF0CF43B710B}.Debug|ARM.ActiveCfg = Debug|ARM
		{34D26406-4D5A-4934-91F4-DF0CF43B710B}.Debug|ARM.Build.0 = Debug|ARM
		{34D26406-4D5A-4934-91F4-DF0CF43B710B}.Debug|x64.ActiveCfg = Debug|x64
		{34D26406-4D5A-4934-91F4-DF0CF43B710B}.Debug|x64.Build.0 = Debug|x64
		{34D26406-4D5A-4934-91F4-DF0CF43B710B}.Debug|x86.ActiveCfg = Debug|x86
		{34D26406-4D5A-4934-91F4-DF0CF43B710B}.Debug|x86.Build.0 = Debug|x86
		{34D26406-4D5A-4934-91F4-DF0CF43B710B}.Master|ARM.ActiveCfg = Master|ARM
		{34D26406-4D5A-4934-91F4-DF0CF43B710B}.Master|ARM.Build.0 = Master|ARM
		{34D26406-4D5A-4934-91F4-DF0CF43B710B}.Master|x64.ActiveCfg = Master|x64
		{34D26406-4D5A-4934-91F4-DF0CF43B710B}.Master|x64.Build.0 = Master|x64
		{34D26406-4D5A-4934-91F4-DF0CF43B710B}.Master|x86.ActiveCfg = Master|x86
		{34D26406-4D5A-4934-91F4-DF0CF43B710B}.Master|x86.Build.0 = Master|x86
		{34D26406-4D5A-4934-91F4-DF0CF43B710B}.Release|ARM.ActiveCfg = Release|ARM
		{34D26406-4D5A-4934-91F4-DF0CF43B710B}.Release|ARM.Build.0 = Release|ARM
		{34D26406-4D5A-4934-91F4-DF0CF43B710B}.Release|x64.ActiveCfg = Release|x64
		{34D26406-4D5A-4934-91F4-DF0CF43B710B}.Release|x64.Build.0 = Release|x64
		{34D26406-4D5A-4934-91F4-DF0CF43B710B}.Release|x86.ActiveCfg = Release|x86
		{34D26406-4D5A-4934-91F4-DF0CF43B710B}.Release|x86.Build.0 = Release|x86
		{0C4A6C47-F59C-4EFC-815F-620C6212112F}.Debug|ARM.ActiveCfg = Debug|ARM
		{0C4A6C47-F59C-4EFC-815F-620C6212112F}.Debug|ARM.Build.0 = Debug|ARM
		{0C4A6C47-F59C-4EFC-815F-620C6212112F}.Debug|x64.ActiveCfg = Debug|x64
		{0C4A6C47-F59C-4EFC-815F-620C6212112F}.Debug|x64.Build.0 = Debug|x64
		{0C4A6C47-F59C-4EFC-815F-620C6212112F}.Debug|x86.ActiveCfg = Debug|x86
		{0C4A6C47-F59C-4EFC-815F-620C6212112F}.Debug|x86.Build.0 = Debug|x86
		{0C4A6C47-F59C-4EFC-815F-620C6212112F}.Master|ARM.ActiveCfg = Master|ARM
		{0C4A6C47-F59C-4EFC-815F-620C6212112F}.Master|ARM.Build.0 = Master|ARM
		{0C4A6C47-F59C-4EFC-815F-620C6212112F}.Master|x64.ActiveCfg = Master|x64
		{0C4A6C47-F59C-4EFC-815F-620C6212112F}.Master|x64.Build.0 = Master|x64
		{0C4A6C47-F59C-4EFC-815F-620C6212112F}.Master|x86.ActiveCfg = Master|x86
		{0C4A6C47-F59C-4EFC-815F-620C6212112F}.Master|x86.Build.0 = Master|x86
		{0C4A6C47-F59C-4EFC-815F-620C6212112F}.Release|ARM.ActiveCfg = Release|ARM
		{0C4A6C47-F59C-4EFC-815F-620C6212112F}.Release|ARM.Build.0 = Release|ARM
		{0C4A6C47-F59C-4EFC-815F-620C6212112F}.Release|x64.ActiveCfg = Release|x64
		{0C4A6C47-F59C-4EFC-815F-620C6212112F}.Release|x64.Build.0 = Release|x64
		{0C4A6C47-F59C-4EFC-815F-620C6212112F}.Release|x86.ActiveCfg = Release|x86
		{0C4A6C47-F59C-4EFC-815F-620C6212112F}.Release|x86.Build.0 = Release|x86
	EndGlobalSection
	GlobalSection(SolutionProperties) = preSolution
		HideSolutionNode = FALSE
	EndGlobalSection
	GlobalSection(ExtensibilityGlobals) = postSolution
		SolutionGuid = {F8A3C625-4756-40CA-850B-7D11BF3CD63E}
	EndGlobalSection
EndGlobal
